
Microsoft Visual Studio Solution File, Format Version 12.00
# Visual Studio Version 17
VisualStudioVersion = 17.0.32014.148
MinimumVisualStudioVersion = 10.0.40219.1
Project("{FAE04EC0-301F-11D3-BF4B-00C04F79EFBC}") = "iMessengerCoreAPI", "iMessengerCoreAPI\iMessengerCoreAPI.csproj", "{C82F715C-FA06-4A6D-8C61-F64CEA00BF33}"
EndProject
Global
	GlobalSection(SolutionConfigurationPlatforms) = preSolution
		Debug|Any CPU = Debug|Any CPU
		Release|Any CPU = Release|Any CPU
	EndGlobalSection
	GlobalSection(ProjectConfigurationPlatforms) = postSolution
		{C82F715C-FA06-4A6D-8C61-F64CEA00BF33}.Debug|Any CPU.ActiveCfg = Debug|Any CPU
		{C82F715C-FA06-4A6D-8C61-F64CEA00BF33}.Debug|Any CPU.Build.0 = Debug|Any CPU
		{C82F715C-FA06-4A6D-8C61-F64CEA00BF33}.Release|Any CPU.ActiveCfg = Release|Any CPU
		{C82F715C-FA06-4A6D-8C61-F64CEA00BF33}.Release|Any CPU.Build.0 = Release|Any CPU
	EndGlobalSection
	GlobalSection(SolutionProperties) = preSolution
		HideSolutionNode = FALSE
	EndGlobalSection
	GlobalSection(ExtensibilityGlobals) = postSolution
		SolutionGuid = {9280DBBE-CA96-4CD9-BB48-DE2134B64D97}
	EndGlobalSection
EndGlobal
